
Microsoft Visual Studio Solution File, Format Version 12.00
# Visual Studio Version 17
VisualStudioVersion = 17.0.31903.59
MinimumVisualStudioVersion = 10.0.40219.1
Project("{2150E333-8FDC-42A3-9474-1A3956D46DE8}") = "AuthService", "AuthService", "{F9322F18-3E5D-4768-B514-88553786C6E2}"
EndProject
Project("{FAE04EC0-301F-11D3-BF4B-00C04F79EFBC}") = "AuthService.API", "AuthService\AuthService.API\AuthService.API.csproj", "{168D2D2B-0D82-4BC7-855C-B1206A769EE6}"
EndProject
Project("{FAE04EC0-301F-11D3-BF4B-00C04F79EFBC}") = "AuthService.Application", "AuthService\AuthService.Application\AuthService.Application.csproj", "{E3448BB8-4B70-43FE-B3DB-EA09A5BAFF13}"
EndProject
Project("{FAE04EC0-301F-11D3-BF4B-00C04F79EFBC}") = "AuthService.Domain", "AuthService\AuthService.Domain\AuthService.Domain.csproj", "{24ABE0BC-5173-4DA0-BF6E-BB537D89E36E}"
EndProject
Project("{FAE04EC0-301F-11D3-BF4B-00C04F79EFBC}") = "AuthService.Infrastructure", "AuthService\AuthService.Infrastructure\AuthService.Infrastructure.csproj", "{17FE0F2C-4AC9-4A28-9A8F-E1AD358E43A7}"
EndProject
Project("{FAE04EC0-301F-11D3-BF4B-00C04F79EFBC}") = "UserService.API", "UserService\UserService.API\UserService.API.csproj", "{1AB3CDBA-B3EA-4E9A-A074-557C8F4586A1}"
EndProject
Project("{FAE04EC0-301F-11D3-BF4B-00C04F79EFBC}") = "UserService.Application", "UserService\UserService.Application\UserService.Application.csproj", "{DCABD295-0DFE-4AD0-88C1-283D62D16FF3}"
EndProject
Project("{FAE04EC0-301F-11D3-BF4B-00C04F79EFBC}") = "UserService.Domain", "UserService\UserService.Domain\UserService.Domain.csproj", "{F9A1335E-8371-481C-94D8-76FF841C4CBD}"
EndProject
Project("{FAE04EC0-301F-11D3-BF4B-00C04F79EFBC}") = "UserService.Infrastructure", "UserService\UserService.Infrastructure\UserService.Infrastructure.csproj", "{5283180F-BDDC-42B3-A808-7D77B1E234C5}"
EndProject
Project("{FAE04EC0-301F-11D3-BF4B-00C04F79EFBC}") = "VideoService.API", "VideoService\VideoService.API\VideoService.API.csproj", "{910AC6A1-2170-4467-91B2-895AE45AA76F}"
EndProject
Project("{FAE04EC0-301F-11D3-BF4B-00C04F79EFBC}") = "VideoService.Application", "VideoService\VideoService.Application\VideoService.Application.csproj", "{DDC1EA4F-A364-4D30-A9BE-C52BC025BFA7}"
EndProject
Project("{FAE04EC0-301F-11D3-BF4B-00C04F79EFBC}") = "VideoService.Domain", "VideoService\VideoService.Domain\VideoService.Domain.csproj", "{C90EE712-5B56-4CD9-8217-3460E2D7C58B}"
EndProject
Project("{FAE04EC0-301F-11D3-BF4B-00C04F79EFBC}") = "VideoService.Infrastructure", "VideoService\VideoService.Infrastructure\VideoService.Infrastructure.csproj", "{6A79025B-A8A3-42FB-A4B0-DDE2F89A2D84}"
EndProject
Project("{FAE04EC0-301F-11D3-BF4B-00C04F79EFBC}") = "MediaService.API", "MediaService\MediaService.API\MediaService.API.csproj", "{556F37CF-ADCC-4EF3-A633-0503F11232B4}"
EndProject
Project("{FAE04EC0-301F-11D3-BF4B-00C04F79EFBC}") = "MediaService.Application", "MediaService\MediaService.Application\MediaService.Application.csproj", "{705DDE6B-0631-4700-A9E3-474326F5DA0E}"
EndProject
Project("{FAE04EC0-301F-11D3-BF4B-00C04F79EFBC}") = "MediaService.Domain", "MediaService\MediaService.Domain\MediaService.Domain.csproj", "{A5038D0C-A2CF-44D5-9070-B29AB2015B91}"
EndProject
Project("{FAE04EC0-301F-11D3-BF4B-00C04F79EFBC}") = "MediaService.Infrastructure", "MediaService\MediaService.Infrastructure\MediaService.Infrastructure.csproj", "{7987BDE5-AE44-46EC-9BDB-5DAF20C76BD8}"
EndProject
Project("{FAE04EC0-301F-11D3-BF4B-00C04F79EFBC}") = "ApiGateway", "ApiGateway\ApiGateway.csproj", "{F115D08C-71AC-47AF-ADCA-4EB6064AF794}"
EndProject
Project("{FAE04EC0-301F-11D3-BF4B-00C04F79EFBC}") = "Shared.Domain", "Shared.Domain\Shared.Domain.csproj", "{455ECF75-3F54-446E-8F61-EAD50385C615}"
EndProject
Project("{FAE04EC0-301F-11D3-BF4B-00C04F79EFBC}") = "Shared.Application", "Shared.Application\Shared.Application.csproj", "{959797C5-C46D-48B7-9E1A-B604A92D8C63}"
EndProject
Project("{FAE04EC0-301F-11D3-BF4B-00C04F79EFBC}") = "Shared.Api", "Shared.Api\Shared.Api.csproj", "{E1B9B86D-D2FB-49A1-AC09-914FA78DDF9E}"
EndProject
Global
	GlobalSection(SolutionConfigurationPlatforms) = preSolution
		Debug|Any CPU = Debug|Any CPU
		Debug|x64 = Debug|x64
		Debug|x86 = Debug|x86
		Release|Any CPU = Release|Any CPU
		Release|x64 = Release|x64
		Release|x86 = Release|x86
	EndGlobalSection
	GlobalSection(ProjectConfigurationPlatforms) = postSolution
		{168D2D2B-0D82-4BC7-855C-B1206A769EE6}.Debug|Any CPU.ActiveCfg = Debug|Any CPU
		{168D2D2B-0D82-4BC7-855C-B1206A769EE6}.Debug|Any CPU.Build.0 = Debug|Any CPU
		{168D2D2B-0D82-4BC7-855C-B1206A769EE6}.Debug|x64.ActiveCfg = Debug|Any CPU
		{168D2D2B-0D82-4BC7-855C-B1206A769EE6}.Debug|x64.Build.0 = Debug|Any CPU
		{168D2D2B-0D82-4BC7-855C-B1206A769EE6}.Debug|x86.ActiveCfg = Debug|Any CPU
		{168D2D2B-0D82-4BC7-855C-B1206A769EE6}.Debug|x86.Build.0 = Debug|Any CPU
		{168D2D2B-0D82-4BC7-855C-B1206A769EE6}.Release|Any CPU.ActiveCfg = Release|Any CPU
		{168D2D2B-0D82-4BC7-855C-B1206A769EE6}.Release|Any CPU.Build.0 = Release|Any CPU
		{168D2D2B-0D82-4BC7-855C-B1206A769EE6}.Release|x64.ActiveCfg = Release|Any CPU
		{168D2D2B-0D82-4BC7-855C-B1206A769EE6}.Release|x64.Build.0 = Release|Any CPU
		{168D2D2B-0D82-4BC7-855C-B1206A769EE6}.Release|x86.ActiveCfg = Release|Any CPU
		{168D2D2B-0D82-4BC7-855C-B1206A769EE6}.Release|x86.Build.0 = Release|Any CPU
		{E3448BB8-4B70-43FE-B3DB-EA09A5BAFF13}.Debug|Any CPU.ActiveCfg = Debug|Any CPU
		{E3448BB8-4B70-43FE-B3DB-EA09A5BAFF13}.Debug|Any CPU.Build.0 = Debug|Any CPU
		{E3448BB8-4B70-43FE-B3DB-EA09A5BAFF13}.Debug|x64.ActiveCfg = Debug|Any CPU
		{E3448BB8-4B70-43FE-B3DB-EA09A5BAFF13}.Debug|x64.Build.0 = Debug|Any CPU
		{E3448BB8-4B70-43FE-B3DB-EA09A5BAFF13}.Debug|x86.ActiveCfg = Debug|Any CPU
		{E3448BB8-4B70-43FE-B3DB-EA09A5BAFF13}.Debug|x86.Build.0 = Debug|Any CPU
		{E3448BB8-4B70-43FE-B3DB-EA09A5BAFF13}.Release|Any CPU.ActiveCfg = Release|Any CPU
		{E3448BB8-4B70-43FE-B3DB-EA09A5BAFF13}.Release|Any CPU.Build.0 = Release|Any CPU
		{E3448BB8-4B70-43FE-B3DB-EA09A5BAFF13}.Release|x64.ActiveCfg = Release|Any CPU
		{E3448BB8-4B70-43FE-B3DB-EA09A5BAFF13}.Release|x64.Build.0 = Release|Any CPU
		{E3448BB8-4B70-43FE-B3DB-EA09A5BAFF13}.Release|x86.ActiveCfg = Release|Any CPU
		{E3448BB8-4B70-43FE-B3DB-EA09A5BAFF13}.Release|x86.Build.0 = Release|Any CPU
		{24ABE0BC-5173-4DA0-BF6E-BB537D89E36E}.Debug|Any CPU.ActiveCfg = Debug|Any CPU
		{24ABE0BC-5173-4DA0-BF6E-BB537D89E36E}.Debug|Any CPU.Build.0 = Debug|Any CPU
		{24ABE0BC-5173-4DA0-BF6E-BB537D89E36E}.Debug|x64.ActiveCfg = Debug|Any CPU
		{24ABE0BC-5173-4DA0-BF6E-BB537D89E36E}.Debug|x64.Build.0 = Debug|Any CPU
		{24ABE0BC-5173-4DA0-BF6E-BB537D89E36E}.Debug|x86.ActiveCfg = Debug|Any CPU
		{24ABE0BC-5173-4DA0-BF6E-BB537D89E36E}.Debug|x86.Build.0 = Debug|Any CPU
		{24ABE0BC-5173-4DA0-BF6E-BB537D89E36E}.Release|Any CPU.ActiveCfg = Release|Any CPU
		{24ABE0BC-5173-4DA0-BF6E-BB537D89E36E}.Release|Any CPU.Build.0 = Release|Any CPU
		{24ABE0BC-5173-4DA0-BF6E-BB537D89E36E}.Release|x64.ActiveCfg = Release|Any CPU
		{24ABE0BC-5173-4DA0-BF6E-BB537D89E36E}.Release|x64.Build.0 = Release|Any CPU
		{24ABE0BC-5173-4DA0-BF6E-BB537D89E36E}.Release|x86.ActiveCfg = Release|Any CPU
		{24ABE0BC-5173-4DA0-BF6E-BB537D89E36E}.Release|x86.Build.0 = Release|Any CPU
		{17FE0F2C-4AC9-4A28-9A8F-E1AD358E43A7}.Debug|Any CPU.ActiveCfg = Debug|Any CPU
		{17FE0F2C-4AC9-4A28-9A8F-E1AD358E43A7}.Debug|Any CPU.Build.0 = Debug|Any CPU
		{17FE0F2C-4AC9-4A28-9A8F-E1AD358E43A7}.Debug|x64.ActiveCfg = Debug|Any CPU
		{17FE0F2C-4AC9-4A28-9A8F-E1AD358E43A7}.Debug|x64.Build.0 = Debug|Any CPU
		{17FE0F2C-4AC9-4A28-9A8F-E1AD358E43A7}.Debug|x86.ActiveCfg = Debug|Any CPU
		{17FE0F2C-4AC9-4A28-9A8F-E1AD358E43A7}.Debug|x86.Build.0 = Debug|Any CPU
		{17FE0F2C-4AC9-4A28-9A8F-E1AD358E43A7}.Release|Any CPU.ActiveCfg = Release|Any CPU
		{17FE0F2C-4AC9-4A28-9A8F-E1AD358E43A7}.Release|Any CPU.Build.0 = Release|Any CPU
		{17FE0F2C-4AC9-4A28-9A8F-E1AD358E43A7}.Release|x64.ActiveCfg = Release|Any CPU
		{17FE0F2C-4AC9-4A28-9A8F-E1AD358E43A7}.Release|x64.Build.0 = Release|Any CPU
		{17FE0F2C-4AC9-4A28-9A8F-E1AD358E43A7}.Release|x86.ActiveCfg = Release|Any CPU
		{17FE0F2C-4AC9-4A28-9A8F-E1AD358E43A7}.Release|x86.Build.0 = Release|Any CPU
		{1AB3CDBA-B3EA-4E9A-A074-557C8F4586A1}.Debug|Any CPU.ActiveCfg = Debug|Any CPU
		{1AB3CDBA-B3EA-4E9A-A074-557C8F4586A1}.Debug|Any CPU.Build.0 = Debug|Any CPU
		{1AB3CDBA-B3EA-4E9A-A074-557C8F4586A1}.Debug|x64.ActiveCfg = Debug|Any CPU
		{1AB3CDBA-B3EA-4E9A-A074-557C8F4586A1}.Debug|x64.Build.0 = Debug|Any CPU
		{1AB3CDBA-B3EA-4E9A-A074-557C8F4586A1}.Debug|x86.ActiveCfg = Debug|Any CPU
		{1AB3CDBA-B3EA-4E9A-A074-557C8F4586A1}.Debug|x86.Build.0 = Debug|Any CPU
		{1AB3CDBA-B3EA-4E9A-A074-557C8F4586A1}.Release|Any CPU.ActiveCfg = Release|Any CPU
		{1AB3CDBA-B3EA-4E9A-A074-557C8F4586A1}.Release|Any CPU.Build.0 = Release|Any CPU
		{1AB3CDBA-B3EA-4E9A-A074-557C8F4586A1}.Release|x64.ActiveCfg = Release|Any CPU
		{1AB3CDBA-B3EA-4E9A-A074-557C8F4586A1}.Release|x64.Build.0 = Release|Any CPU
		{1AB3CDBA-B3EA-4E9A-A074-557C8F4586A1}.Release|x86.ActiveCfg = Release|Any CPU
		{1AB3CDBA-B3EA-4E9A-A074-557C8F4586A1}.Release|x86.Build.0 = Release|Any CPU
		{DCABD295-0DFE-4AD0-88C1-283D62D16FF3}.Debug|Any CPU.ActiveCfg = Debug|Any CPU
		{DCABD295-0DFE-4AD0-88C1-283D62D16FF3}.Debug|Any CPU.Build.0 = Debug|Any CPU
		{DCABD295-0DFE-4AD0-88C1-283D62D16FF3}.Debug|x64.ActiveCfg = Debug|Any CPU
		{DCABD295-0DFE-4AD0-88C1-283D62D16FF3}.Debug|x64.Build.0 = Debug|Any CPU
		{DCABD295-0DFE-4AD0-88C1-283D62D16FF3}.Debug|x86.ActiveCfg = Debug|Any CPU
		{DCABD295-0DFE-4AD0-88C1-283D62D16FF3}.Debug|x86.Build.0 = Debug|Any CPU
		{DCABD295-0DFE-4AD0-88C1-283D62D16FF3}.Release|Any CPU.ActiveCfg = Release|Any CPU
		{DCABD295-0DFE-4AD0-88C1-283D62D16FF3}.Release|Any CPU.Build.0 = Release|Any CPU
		{DCABD295-0DFE-4AD0-88C1-283D62D16FF3}.Release|x64.ActiveCfg = Release|Any CPU
		{DCABD295-0DFE-4AD0-88C1-283D62D16FF3}.Release|x64.Build.0 = Release|Any CPU
		{DCABD295-0DFE-4AD0-88C1-283D62D16FF3}.Release|x86.ActiveCfg = Release|Any CPU
		{DCABD295-0DFE-4AD0-88C1-283D62D16FF3}.Release|x86.Build.0 = Release|Any CPU
		{F9A1335E-8371-481C-94D8-76FF841C4CBD}.Debug|Any CPU.ActiveCfg = Debug|Any CPU
		{F9A1335E-8371-481C-94D8-76FF841C4CBD}.Debug|Any CPU.Build.0 = Debug|Any CPU
		{F9A1335E-8371-481C-94D8-76FF841C4CBD}.Debug|x64.ActiveCfg = Debug|Any CPU
		{F9A1335E-8371-481C-94D8-76FF841C4CBD}.Debug|x64.Build.0 = Debug|Any CPU
		{F9A1335E-8371-481C-94D8-76FF841C4CBD}.Debug|x86.ActiveCfg = Debug|Any CPU
		{F9A1335E-8371-481C-94D8-76FF841C4CBD}.Debug|x86.Build.0 = Debug|Any CPU
		{F9A1335E-8371-481C-94D8-76FF841C4CBD}.Release|Any CPU.ActiveCfg = Release|Any CPU
		{F9A1335E-8371-481C-94D8-76FF841C4CBD}.Release|Any CPU.Build.0 = Release|Any CPU
		{F9A1335E-8371-481C-94D8-76FF841C4CBD}.Release|x64.ActiveCfg = Release|Any CPU
		{F9A1335E-8371-481C-94D8-76FF841C4CBD}.Release|x64.Build.0 = Release|Any CPU
		{F9A1335E-8371-481C-94D8-76FF841C4CBD}.Release|x86.ActiveCfg = Release|Any CPU
		{F9A1335E-8371-481C-94D8-76FF841C4CBD}.Release|x86.Build.0 = Release|Any CPU
		{5283180F-BDDC-42B3-A808-7D77B1E234C5}.Debug|Any CPU.ActiveCfg = Debug|Any CPU
		{5283180F-BDDC-42B3-A808-7D77B1E234C5}.Debug|Any CPU.Build.0 = Debug|Any CPU
		{5283180F-BDDC-42B3-A808-7D77B1E234C5}.Debug|x64.ActiveCfg = Debug|Any CPU
		{5283180F-BDDC-42B3-A808-7D77B1E234C5}.Debug|x64.Build.0 = Debug|Any CPU
		{5283180F-BDDC-42B3-A808-7D77B1E234C5}.Debug|x86.ActiveCfg = Debug|Any CPU
		{5283180F-BDDC-42B3-A808-7D77B1E234C5}.Debug|x86.Build.0 = Debug|Any CPU
		{5283180F-BDDC-42B3-A808-7D77B1E234C5}.Release|Any CPU.ActiveCfg = Release|Any CPU
		{5283180F-BDDC-42B3-A808-7D77B1E234C5}.Release|Any CPU.Build.0 = Release|Any CPU
		{5283180F-BDDC-42B3-A808-7D77B1E234C5}.Release|x64.ActiveCfg = Release|Any CPU
		{5283180F-BDDC-42B3-A808-7D77B1E234C5}.Release|x64.Build.0 = Release|Any CPU
		{5283180F-BDDC-42B3-A808-7D77B1E234C5}.Release|x86.ActiveCfg = Release|Any CPU
		{5283180F-BDDC-42B3-A808-7D77B1E234C5}.Release|x86.Build.0 = Release|Any CPU
		{910AC6A1-2170-4467-91B2-895AE45AA76F}.Debug|Any CPU.ActiveCfg = Debug|Any CPU
		{910AC6A1-2170-4467-91B2-895AE45AA76F}.Debug|Any CPU.Build.0 = Debug|Any CPU
		{910AC6A1-2170-4467-91B2-895AE45AA76F}.Debug|x64.ActiveCfg = Debug|Any CPU
		{910AC6A1-2170-4467-91B2-895AE45AA76F}.Debug|x64.Build.0 = Debug|Any CPU
		{910AC6A1-2170-4467-91B2-895AE45AA76F}.Debug|x86.ActiveCfg = Debug|Any CPU
		{910AC6A1-2170-4467-91B2-895AE45AA76F}.Debug|x86.Build.0 = Debug|Any CPU
		{910AC6A1-2170-4467-91B2-895AE45AA76F}.Release|Any CPU.ActiveCfg = Release|Any CPU
		{910AC6A1-2170-4467-91B2-895AE45AA76F}.Release|Any CPU.Build.0 = Release|Any CPU
		{910AC6A1-2170-4467-91B2-895AE45AA76F}.Release|x64.ActiveCfg = Release|Any CPU
		{910AC6A1-2170-4467-91B2-895AE45AA76F}.Release|x64.Build.0 = Release|Any CPU
		{910AC6A1-2170-4467-91B2-895AE45AA76F}.Release|x86.ActiveCfg = Release|Any CPU
		{910AC6A1-2170-4467-91B2-895AE45AA76F}.Release|x86.Build.0 = Release|Any CPU
		{DDC1EA4F-A364-4D30-A9BE-C52BC025BFA7}.Debug|Any CPU.ActiveCfg = Debug|Any CPU
		{DDC1EA4F-A364-4D30-A9BE-C52BC025BFA7}.Debug|Any CPU.Build.0 = Debug|Any CPU
		{DDC1EA4F-A364-4D30-A9BE-C52BC025BFA7}.Debug|x64.ActiveCfg = Debug|Any CPU
		{DDC1EA4F-A364-4D30-A9BE-C52BC025BFA7}.Debug|x64.Build.0 = Debug|Any CPU
		{DDC1EA4F-A364-4D30-A9BE-C52BC025BFA7}.Debug|x86.ActiveCfg = Debug|Any CPU
		{DDC1EA4F-A364-4D30-A9BE-C52BC025BFA7}.Debug|x86.Build.0 = Debug|Any CPU
		{DDC1EA4F-A364-4D30-A9BE-C52BC025BFA7}.Release|Any CPU.ActiveCfg = Release|Any CPU
		{DDC1EA4F-A364-4D30-A9BE-C52BC025BFA7}.Release|Any CPU.Build.0 = Release|Any CPU
		{DDC1EA4F-A364-4D30-A9BE-C52BC025BFA7}.Release|x64.ActiveCfg = Release|Any CPU
		{DDC1EA4F-A364-4D30-A9BE-C52BC025BFA7}.Release|x64.Build.0 = Release|Any CPU
		{DDC1EA4F-A364-4D30-A9BE-C52BC025BFA7}.Release|x86.ActiveCfg = Release|Any CPU
		{DDC1EA4F-A364-4D30-A9BE-C52BC025BFA7}.Release|x86.Build.0 = Release|Any CPU
		{C90EE712-5B56-4CD9-8217-3460E2D7C58B}.Debug|Any CPU.ActiveCfg = Debug|Any CPU
		{C90EE712-5B56-4CD9-8217-3460E2D7C58B}.Debug|Any CPU.Build.0 = Debug|Any CPU
		{C90EE712-5B56-4CD9-8217-3460E2D7C58B}.Debug|x64.ActiveCfg = Debug|Any CPU
		{C90EE712-5B56-4CD9-8217-3460E2D7C58B}.Debug|x64.Build.0 = Debug|Any CPU
		{C90EE712-5B56-4CD9-8217-3460E2D7C58B}.Debug|x86.ActiveCfg = Debug|Any CPU
		{C90EE712-5B56-4CD9-8217-3460E2D7C58B}.Debug|x86.Build.0 = Debug|Any CPU
		{C90EE712-5B56-4CD9-8217-3460E2D7C58B}.Release|Any CPU.ActiveCfg = Release|Any CPU
		{C90EE712-5B56-4CD9-8217-3460E2D7C58B}.Release|Any CPU.Build.0 = Release|Any CPU
		{C90EE712-5B56-4CD9-8217-3460E2D7C58B}.Release|x64.ActiveCfg = Release|Any CPU
		{C90EE712-5B56-4CD9-8217-3460E2D7C58B}.Release|x64.Build.0 = Release|Any CPU
		{C90EE712-5B56-4CD9-8217-3460E2D7C58B}.Release|x86.ActiveCfg = Release|Any CPU
		{C90EE712-5B56-4CD9-8217-3460E2D7C58B}.Release|x86.Build.0 = Release|Any CPU
		{6A79025B-A8A3-42FB-A4B0-DDE2F89A2D84}.Debug|Any CPU.ActiveCfg = Debug|Any CPU
		{6A79025B-A8A3-42FB-A4B0-DDE2F89A2D84}.Debug|Any CPU.Build.0 = Debug|Any CPU
		{6A79025B-A8A3-42FB-A4B0-DDE2F89A2D84}.Debug|x64.ActiveCfg = Debug|Any CPU
		{6A79025B-A8A3-42FB-A4B0-DDE2F89A2D84}.Debug|x64.Build.0 = Debug|Any CPU
		{6A79025B-A8A3-42FB-A4B0-DDE2F89A2D84}.Debug|x86.ActiveCfg = Debug|Any CPU
		{6A79025B-A8A3-42FB-A4B0-DDE2F89A2D84}.Debug|x86.Build.0 = Debug|Any CPU
		{6A79025B-A8A3-42FB-A4B0-DDE2F89A2D84}.Release|Any CPU.ActiveCfg = Release|Any CPU
		{6A79025B-A8A3-42FB-A4B0-DDE2F89A2D84}.Release|Any CPU.Build.0 = Release|Any CPU
		{6A79025B-A8A3-42FB-A4B0-DDE2F89A2D84}.Release|x64.ActiveCfg = Release|Any CPU
		{6A79025B-A8A3-42FB-A4B0-DDE2F89A2D84}.Release|x64.Build.0 = Release|Any CPU
		{6A79025B-A8A3-42FB-A4B0-DDE2F89A2D84}.Release|x86.ActiveCfg = Release|Any CPU
		{6A79025B-A8A3-42FB-A4B0-DDE2F89A2D84}.Release|x86.Build.0 = Release|Any CPU
		{556F37CF-ADCC-4EF3-A633-0503F11232B4}.Debug|Any CPU.ActiveCfg = Debug|Any CPU
		{556F37CF-ADCC-4EF3-A633-0503F11232B4}.Debug|Any CPU.Build.0 = Debug|Any CPU
		{556F37CF-ADCC-4EF3-A633-0503F11232B4}.Debug|x64.ActiveCfg = Debug|Any CPU
		{556F37CF-ADCC-4EF3-A633-0503F11232B4}.Debug|x64.Build.0 = Debug|Any CPU
		{556F37CF-ADCC-4EF3-A633-0503F11232B4}.Debug|x86.ActiveCfg = Debug|Any CPU
		{556F37CF-ADCC-4EF3-A633-0503F11232B4}.Debug|x86.Build.0 = Debug|Any CPU
		{556F37CF-ADCC-4EF3-A633-0503F11232B4}.Release|Any CPU.ActiveCfg = Release|Any CPU
		{556F37CF-ADCC-4EF3-A633-0503F11232B4}.Release|Any CPU.Build.0 = Release|Any CPU
		{556F37CF-ADCC-4EF3-A633-0503F11232B4}.Release|x64.ActiveCfg = Release|Any CPU
		{556F37CF-ADCC-4EF3-A633-0503F11232B4}.Release|x64.Build.0 = Release|Any CPU
		{556F37CF-ADCC-4EF3-A633-0503F11232B4}.Release|x86.ActiveCfg = Release|Any CPU
		{556F37CF-ADCC-4EF3-A633-0503F11232B4}.Release|x86.Build.0 = Release|Any CPU
		{705DDE6B-0631-4700-A9E3-474326F5DA0E}.Debug|Any CPU.ActiveCfg = Debug|Any CPU
		{705DDE6B-0631-4700-A9E3-474326F5DA0E}.Debug|Any CPU.Build.0 = Debug|Any CPU
		{705DDE6B-0631-4700-A9E3-474326F5DA0E}.Debug|x64.ActiveCfg = Debug|Any CPU
		{705DDE6B-0631-4700-A9E3-474326F5DA0E}.Debug|x64.Build.0 = Debug|Any CPU
		{705DDE6B-0631-4700-A9E3-474326F5DA0E}.Debug|x86.ActiveCfg = Debug|Any CPU
		{705DDE6B-0631-4700-A9E3-474326F5DA0E}.Debug|x86.Build.0 = Debug|Any CPU
		{705DDE6B-0631-4700-A9E3-474326F5DA0E}.Release|Any CPU.ActiveCfg = Release|Any CPU
		{705DDE6B-0631-4700-A9E3-474326F5DA0E}.Release|Any CPU.Build.0 = Release|Any CPU
		{705DDE6B-0631-4700-A9E3-474326F5DA0E}.Release|x64.ActiveCfg = Release|Any CPU
		{705DDE6B-0631-4700-A9E3-474326F5DA0E}.Release|x64.Build.0 = Release|Any CPU
		{705DDE6B-0631-4700-A9E3-474326F5DA0E}.Release|x86.ActiveCfg = Release|Any CPU
		{705DDE6B-0631-4700-A9E3-474326F5DA0E}.Release|x86.Build.0 = Release|Any CPU
		{A5038D0C-A2CF-44D5-9070-B29AB2015B91}.Debug|Any CPU.ActiveCfg = Debug|Any CPU
		{A5038D0C-A2CF-44D5-9070-B29AB2015B91}.Debug|Any CPU.Build.0 = Debug|Any CPU
		{A5038D0C-A2CF-44D5-9070-B29AB2015B91}.Debug|x64.ActiveCfg = Debug|Any CPU
		{A5038D0C-A2CF-44D5-9070-B29AB2015B91}.Debug|x64.Build.0 = Debug|Any CPU
		{A5038D0C-A2CF-44D5-9070-B29AB2015B91}.Debug|x86.ActiveCfg = Debug|Any CPU
		{A5038D0C-A2CF-44D5-9070-B29AB2015B91}.Debug|x86.Build.0 = Debug|Any CPU
		{A5038D0C-A2CF-44D5-9070-B29AB2015B91}.Release|Any CPU.ActiveCfg = Release|Any CPU
		{A5038D0C-A2CF-44D5-9070-B29AB2015B91}.Release|Any CPU.Build.0 = Release|Any CPU
		{A5038D0C-A2CF-44D5-9070-B29AB2015B91}.Release|x64.ActiveCfg = Release|Any CPU
		{A5038D0C-A2CF-44D5-9070-B29AB2015B91}.Release|x64.Build.0 = Release|Any CPU
		{A5038D0C-A2CF-44D5-9070-B29AB2015B91}.Release|x86.ActiveCfg = Release|Any CPU
		{A5038D0C-A2CF-44D5-9070-B29AB2015B91}.Release|x86.Build.0 = Release|Any CPU
		{7987BDE5-AE44-46EC-9BDB-5DAF20C76BD8}.Debug|Any CPU.ActiveCfg = Debug|Any CPU
		{7987BDE5-AE44-46EC-9BDB-5DAF20C76BD8}.Debug|Any CPU.Build.0 = Debug|Any CPU
		{7987BDE5-AE44-46EC-9BDB-5DAF20C76BD8}.Debug|x64.ActiveCfg = Debug|Any CPU
		{7987BDE5-AE44-46EC-9BDB-5DAF20C76BD8}.Debug|x64.Build.0 = Debug|Any CPU
		{7987BDE5-AE44-46EC-9BDB-5DAF20C76BD8}.Debug|x86.ActiveCfg = Debug|Any CPU
		{7987BDE5-AE44-46EC-9BDB-5DAF20C76BD8}.Debug|x86.Build.0 = Debug|Any CPU
		{7987BDE5-AE44-46EC-9BDB-5DAF20C76BD8}.Release|Any CPU.ActiveCfg = Release|Any CPU
		{7987BDE5-AE44-46EC-9BDB-5DAF20C76BD8}.Release|Any CPU.Build.0 = Release|Any CPU
		{7987BDE5-AE44-46EC-9BDB-5DAF20C76BD8}.Release|x64.ActiveCfg = Release|Any CPU
		{7987BDE5-AE44-46EC-9BDB-5DAF20C76BD8}.Release|x64.Build.0 = Release|Any CPU
		{7987BDE5-AE44-46EC-9BDB-5DAF20C76BD8}.Release|x86.ActiveCfg = Release|Any CPU
		{7987BDE5-AE44-46EC-9BDB-5DAF20C76BD8}.Release|x86.Build.0 = Release|Any CPU
		{F115D08C-71AC-47AF-ADCA-4EB6064AF794}.Debug|Any CPU.ActiveCfg = Debug|Any CPU
		{F115D08C-71AC-47AF-ADCA-4EB6064AF794}.Debug|Any CPU.Build.0 = Debug|Any CPU
		{F115D08C-71AC-47AF-ADCA-4EB6064AF794}.Debug|x64.ActiveCfg = Debug|Any CPU
		{F115D08C-71AC-47AF-ADCA-4EB6064AF794}.Debug|x64.Build.0 = Debug|Any CPU
		{F115D08C-71AC-47AF-ADCA-4EB6064AF794}.Debug|x86.ActiveCfg = Debug|Any CPU
		{F115D08C-71AC-47AF-ADCA-4EB6064AF794}.Debug|x86.Build.0 = Debug|Any CPU
		{F115D08C-71AC-47AF-ADCA-4EB6064AF794}.Release|Any CPU.ActiveCfg = Release|Any CPU
		{F115D08C-71AC-47AF-ADCA-4EB6064AF794}.Release|Any CPU.Build.0 = Release|Any CPU
		{F115D08C-71AC-47AF-ADCA-4EB6064AF794}.Release|x64.ActiveCfg = Release|Any CPU
		{F115D08C-71AC-47AF-ADCA-4EB6064AF794}.Release|x64.Build.0 = Release|Any CPU
		{F115D08C-71AC-47AF-ADCA-4EB6064AF794}.Release|x86.ActiveCfg = Release|Any CPU
		{F115D08C-71AC-47AF-ADCA-4EB6064AF794}.Release|x86.Build.0 = Release|Any CPU
		{455ECF75-3F54-446E-8F61-EAD50385C615}.Debug|Any CPU.ActiveCfg = Debug|Any CPU
		{455ECF75-3F54-446E-8F61-EAD50385C615}.Debug|Any CPU.Build.0 = Debug|Any CPU
		{455ECF75-3F54-446E-8F61-EAD50385C615}.Debug|x64.ActiveCfg = Debug|Any CPU
		{455ECF75-3F54-446E-8F61-EAD50385C615}.Debug|x64.Build.0 = Debug|Any CPU
		{455ECF75-3F54-446E-8F61-EAD50385C615}.Debug|x86.ActiveCfg = Debug|Any CPU
		{455ECF75-3F54-446E-8F61-EAD50385C615}.Debug|x86.Build.0 = Debug|Any CPU
		{455ECF75-3F54-446E-8F61-EAD50385C615}.Release|Any CPU.ActiveCfg = Release|Any CPU
		{455ECF75-3F54-446E-8F61-EAD50385C615}.Release|Any CPU.Build.0 = Release|Any CPU
		{455ECF75-3F54-446E-8F61-EAD50385C615}.Release|x64.ActiveCfg = Release|Any CPU
		{455ECF75-3F54-446E-8F61-EAD50385C615}.Release|x64.Build.0 = Release|Any CPU
		{455ECF75-3F54-446E-8F61-EAD50385C615}.Release|x86.ActiveCfg = Release|Any CPU
		{455ECF75-3F54-446E-8F61-EAD50385C615}.Release|x86.Build.0 = Release|Any CPU
		{959797C5-C46D-48B7-9E1A-B604A92D8C63}.Debug|Any CPU.ActiveCfg = Debug|Any CPU
		{959797C5-C46D-48B7-9E1A-B604A92D8C63}.Debug|Any CPU.Build.0 = Debug|Any CPU
		{959797C5-C46D-48B7-9E1A-B604A92D8C63}.Debug|x64.ActiveCfg = Debug|Any CPU
		{959797C5-C46D-48B7-9E1A-B604A92D8C63}.Debug|x64.Build.0 = Debug|Any CPU
		{959797C5-C46D-48B7-9E1A-B604A92D8C63}.Debug|x86.ActiveCfg = Debug|Any CPU
		{959797C5-C46D-48B7-9E1A-B604A92D8C63}.Debug|x86.Build.0 = Debug|Any CPU
		{959797C5-C46D-48B7-9E1A-B604A92D8C63}.Release|Any CPU.ActiveCfg = Release|Any CPU
		{959797C5-C46D-48B7-9E1A-B604A92D8C63}.Release|Any CPU.Build.0 = Release|Any CPU
		{959797C5-C46D-48B7-9E1A-B604A92D8C63}.Release|x64.ActiveCfg = Release|Any CPU
		{959797C5-C46D-48B7-9E1A-B604A92D8C63}.Release|x64.Build.0 = Release|Any CPU
		{959797C5-C46D-48B7-9E1A-B604A92D8C63}.Release|x86.ActiveCfg = Release|Any CPU
		{959797C5-C46D-48B7-9E1A-B604A92D8C63}.Release|x86.Build.0 = Release|Any CPU
		{E1B9B86D-D2FB-49A1-AC09-914FA78DDF9E}.Debug|Any CPU.ActiveCfg = Debug|Any CPU
		{E1B9B86D-D2FB-49A1-AC09-914FA78DDF9E}.Debug|Any CPU.Build.0 = Debug|Any CPU
		{E1B9B86D-D2FB-49A1-AC09-914FA78DDF9E}.Debug|x64.ActiveCfg = Debug|Any CPU
		{E1B9B86D-D2FB-49A1-AC09-914FA78DDF9E}.Debug|x64.Build.0 = Debug|Any CPU
		{E1B9B86D-D2FB-49A1-AC09-914FA78DDF9E}.Debug|x86.ActiveCfg = Debug|Any CPU
		{E1B9B86D-D2FB-49A1-AC09-914FA78DDF9E}.Debug|x86.Build.0 = Debug|Any CPU
		{E1B9B86D-D2FB-49A1-AC09-914FA78DDF9E}.Release|Any CPU.ActiveCfg = Release|Any CPU
		{E1B9B86D-D2FB-49A1-AC09-914FA78DDF9E}.Release|Any CPU.Build.0 = Release|Any CPU
		{E1B9B86D-D2FB-49A1-AC09-914FA78DDF9E}.Release|x64.ActiveCfg = Release|Any CPU
		{E1B9B86D-D2FB-49A1-AC09-914FA78DDF9E}.Release|x64.Build.0 = Release|Any CPU
		{E1B9B86D-D2FB-49A1-AC09-914FA78DDF9E}.Release|x86.ActiveCfg = Release|Any CPU
		{E1B9B86D-D2FB-49A1-AC09-914FA78DDF9E}.Release|x86.Build.0 = Release|Any CPU
	EndGlobalSection
	GlobalSection(SolutionProperties) = preSolution
		HideSolutionNode = FALSE
	EndGlobalSection
	GlobalSection(NestedProjects) = preSolution
		{168D2D2B-0D82-4BC7-855C-B1206A769EE6} = {F9322F18-3E5D-4768-B514-88553786C6E2}
		{E3448BB8-4B70-43FE-B3DB-EA09A5BAFF13} = {F9322F18-3E5D-4768-B514-88553786C6E2}
		{24ABE0BC-5173-4DA0-BF6E-BB537D89E36E} = {F9322F18-3E5D-4768-B514-88553786C6E2}
		{17FE0F2C-4AC9-4A28-9A8F-E1AD358E43A7} = {F9322F18-3E5D-4768-B514-88553786C6E2}
	EndGlobalSection
EndGlobal
