
Microsoft Visual Studio Solution File, Format Version 12.00
# Visual Studio Version 17
VisualStudioVersion = 17.0.31903.59
MinimumVisualStudioVersion = 10.0.40219.1
Project("{2150E333-8FDC-42A3-9474-1A3956D46DE8}") = "Shared", "Shared", "{39F9444C-917B-4DCB-BDE2-535431E768D8}"
EndProject
Project("{FAE04EC0-301F-11D3-BF4B-00C04F79EFBC}") = "BuildingBlocks", "Shared\BuildingBlocks\BuildingBlocks.csproj", "{ABE4D73A-A1A7-428B-BBD9-16DF29B0FB53}"
EndProject
Project("{FAE04EC0-301F-11D3-BF4B-00C04F79EFBC}") = "Contracts", "Shared\Contracts\Contracts.csproj", "{86B350F4-D28F-4EC3-9CF3-9487D888A88D}"
EndProject
Project("{FAE04EC0-301F-11D3-BF4B-00C04F79EFBC}") = "Common", "Shared\Common\Common.csproj", "{B07585B1-179D-4BE1-9326-9ACA2DFEA8A5}"
EndProject
Project("{2150E333-8FDC-42A3-9474-1A3956D46DE8}") = "AuthService", "AuthService", "{F9322F18-3E5D-4768-B514-88553786C6E2}"
EndProject
Project("{FAE04EC0-301F-11D3-BF4B-00C04F79EFBC}") = "AuthService.API", "AuthService\AuthService.API\AuthService.API.csproj", "{168D2D2B-0D82-4BC7-855C-B1206A769EE6}"
EndProject
Project("{FAE04EC0-301F-11D3-BF4B-00C04F79EFBC}") = "AuthService.Application", "AuthService\AuthService.Application\AuthService.Application.csproj", "{E3448BB8-4B70-43FE-B3DB-EA09A5BAFF13}"
EndProject
Project("{FAE04EC0-301F-11D3-BF4B-00C04F79EFBC}") = "AuthService.Domain", "AuthService\AuthService.Domain\AuthService.Domain.csproj", "{24ABE0BC-5173-4DA0-BF6E-BB537D89E36E}"
EndProject
Project("{FAE04EC0-301F-11D3-BF4B-00C04F79EFBC}") = "AuthService.Infrastructure", "AuthService\AuthService.Infrastructure\AuthService.Infrastructure.csproj", "{17FE0F2C-4AC9-4A28-9A8F-E1AD358E43A7}"
EndProject
Project("{2150E333-8FDC-42A3-9474-1A3956D46DE8}") = "ChatService", "ChatService", "{95F6B966-CCB7-49E3-BF7A-1BDF84392520}"
EndProject
Project("{FAE04EC0-301F-11D3-BF4B-00C04F79EFBC}") = "ChatService.API", "ChatService\ChatService.API\ChatService.API.csproj", "{7B2260D6-B849-4731-ABF6-E96BFB59A8DB}"
EndProject
Project("{FAE04EC0-301F-11D3-BF4B-00C04F79EFBC}") = "ChatService.Application", "ChatService\ChatService.Application\ChatService.Application.csproj", "{34F71808-200E-4C7A-BCE7-7F8425A210D4}"
EndProject
Project("{FAE04EC0-301F-11D3-BF4B-00C04F79EFBC}") = "ChatService.Domain", "ChatService\ChatService.Domain\ChatService.Domain.csproj", "{312256AB-E049-4782-95D4-885AB438F84E}"
EndProject
Project("{FAE04EC0-301F-11D3-BF4B-00C04F79EFBC}") = "ChatService.Infrastructure", "ChatService\ChatService.Infrastructure\ChatService.Infrastructure.csproj", "{5279B47B-8E9E-4A66-9DC9-8E4B68964368}"
EndProject
Project("{2150E333-8FDC-42A3-9474-1A3956D46DE8}") = "UserService", "UserService", "{33E7B00B-A1F4-48DC-BE70-CE1845144E86}"
EndProject
Project("{FAE04EC0-301F-11D3-BF4B-00C04F79EFBC}") = "UserService.API", "UserService\UserService.API\UserService.API.csproj", "{1AB3CDBA-B3EA-4E9A-A074-557C8F4586A1}"
EndProject
Project("{FAE04EC0-301F-11D3-BF4B-00C04F79EFBC}") = "UserService.Application", "UserService\UserService.Application\UserService.Application.csproj", "{DCABD295-0DFE-4AD0-88C1-283D62D16FF3}"
EndProject
Project("{FAE04EC0-301F-11D3-BF4B-00C04F79EFBC}") = "UserService.Domain", "UserService\UserService.Domain\UserService.Domain.csproj", "{F9A1335E-8371-481C-94D8-76FF841C4CBD}"
EndProject
Project("{FAE04EC0-301F-11D3-BF4B-00C04F79EFBC}") = "UserService.Infrastructure", "UserService\UserService.Infrastructure\UserService.Infrastructure.csproj", "{5283180F-BDDC-42B3-A808-7D77B1E234C5}"
EndProject
Project("{2150E333-8FDC-42A3-9474-1A3956D46DE8}") = "VideoService", "VideoService", "{CD567354-268F-4D30-865E-8BBC660EDB16}"
EndProject
Project("{FAE04EC0-301F-11D3-BF4B-00C04F79EFBC}") = "VideoService.API", "VideoService\VideoService.API\VideoService.API.csproj", "{910AC6A1-2170-4467-91B2-895AE45AA76F}"
EndProject
Project("{FAE04EC0-301F-11D3-BF4B-00C04F79EFBC}") = "VideoService.Application", "VideoService\VideoService.Application\VideoService.Application.csproj", "{DDC1EA4F-A364-4D30-A9BE-C52BC025BFA7}"
EndProject
Project("{FAE04EC0-301F-11D3-BF4B-00C04F79EFBC}") = "VideoService.Domain", "VideoService\VideoService.Domain\VideoService.Domain.csproj", "{C90EE712-5B56-4CD9-8217-3460E2D7C58B}"
EndProject
Project("{FAE04EC0-301F-11D3-BF4B-00C04F79EFBC}") = "VideoService.Infrastructure", "VideoService\VideoService.Infrastructure\VideoService.Infrastructure.csproj", "{6A79025B-A8A3-42FB-A4B0-DDE2F89A2D84}"
EndProject
Project("{2150E333-8FDC-42A3-9474-1A3956D46DE8}") = "MediaService", "MediaService", "{D13CF71B-A9C2-4572-8FF2-132366290843}"
EndProject
Project("{FAE04EC0-301F-11D3-BF4B-00C04F79EFBC}") = "MediaService.API", "MediaService\MediaService.API\MediaService.API.csproj", "{556F37CF-ADCC-4EF3-A633-0503F11232B4}"
EndProject
Project("{FAE04EC0-301F-11D3-BF4B-00C04F79EFBC}") = "MediaService.Application", "MediaService\MediaService.Application\MediaService.Application.csproj", "{705DDE6B-0631-4700-A9E3-474326F5DA0E}"
EndProject
Project("{FAE04EC0-301F-11D3-BF4B-00C04F79EFBC}") = "MediaService.Domain", "MediaService\MediaService.Domain\MediaService.Domain.csproj", "{A5038D0C-A2CF-44D5-9070-B29AB2015B91}"
EndProject
Project("{FAE04EC0-301F-11D3-BF4B-00C04F79EFBC}") = "MediaService.Infrastructure", "MediaService\MediaService.Infrastructure\MediaService.Infrastructure.csproj", "{7987BDE5-AE44-46EC-9BDB-5DAF20C76BD8}"
EndProject
Project("{2150E333-8FDC-42A3-9474-1A3956D46DE8}") = "NotificationService", "NotificationService", "{F01CD399-4180-450E-B537-4E54DFCD32B6}"
EndProject
Project("{FAE04EC0-301F-11D3-BF4B-00C04F79EFBC}") = "NotificationService.API", "NotificationService\NotificationService.API\NotificationService.API.csproj", "{B8889030-E750-4AD7-BC26-052E48377417}"
EndProject
Project("{FAE04EC0-301F-11D3-BF4B-00C04F79EFBC}") = "NotificationService.Application", "NotificationService\NotificationService.Application\NotificationService.Application.csproj", "{3B07CAD5-0705-4401-A6E3-1A33DD88E2D3}"
EndProject
Project("{FAE04EC0-301F-11D3-BF4B-00C04F79EFBC}") = "NotificationService.Domain", "NotificationService\NotificationService.Domain\NotificationService.Domain.csproj", "{AA3D2A42-6659-469F-85E6-594117E47908}"
EndProject
Project("{FAE04EC0-301F-11D3-BF4B-00C04F79EFBC}") = "NotificationService.Infrastructure", "NotificationService\NotificationService.Infrastructure\NotificationService.Infrastructure.csproj", "{8DFEEA0C-92DF-49EB-A4C7-94E638D5B85B}"
EndProject
Project("{2150E333-8FDC-42A3-9474-1A3956D46DE8}") = "RecommendationService", "RecommendationService", "{EF803A80-A4C5-4880-8FDC-D42F20F6C7EA}"
EndProject
Project("{FAE04EC0-301F-11D3-BF4B-00C04F79EFBC}") = "RecommendationService.API", "RecommendationService\RecommendationService.API\RecommendationService.API.csproj", "{42911011-AAE1-4D7D-BE2E-70A496DDED01}"
EndProject
Project("{FAE04EC0-301F-11D3-BF4B-00C04F79EFBC}") = "RecommendationService.Application", "RecommendationService\RecommendationService.Application\RecommendationService.Application.csproj", "{B14CB125-CE58-476A-9F3B-78E37E3246E0}"
EndProject
Project("{FAE04EC0-301F-11D3-BF4B-00C04F79EFBC}") = "RecommendationService.Domain", "RecommendationService\RecommendationService.Domain\RecommendationService.Domain.csproj", "{1A631B4E-19EB-4D59-94D5-96D0CDEA8B44}"
EndProject
Project("{FAE04EC0-301F-11D3-BF4B-00C04F79EFBC}") = "RecommendationService.Infrastructure", "RecommendationService\RecommendationService.Infrastructure\RecommendationService.Infrastructure.csproj", "{70AD25F4-7D8A-4B45-9D9B-11AC9DD4B4B1}"
EndProject
Project("{FAE04EC0-301F-11D3-BF4B-00C04F79EFBC}") = "ApiGateway", "ApiGateway\ApiGateway.csproj", "{F115D08C-71AC-47AF-ADCA-4EB6064AF794}"
EndProject
Global
	GlobalSection(SolutionConfigurationPlatforms) = preSolution
		Debug|Any CPU = Debug|Any CPU
		Release|Any CPU = Release|Any CPU
	EndGlobalSection
	GlobalSection(SolutionProperties) = preSolution
		HideSolutionNode = FALSE
	EndGlobalSection
	GlobalSection(ProjectConfigurationPlatforms) = postSolution
		{ABE4D73A-A1A7-428B-BBD9-16DF29B0FB53}.Debug|Any CPU.ActiveCfg = Debug|Any CPU
		{ABE4D73A-A1A7-428B-BBD9-16DF29B0FB53}.Debug|Any CPU.Build.0 = Debug|Any CPU
		{ABE4D73A-A1A7-428B-BBD9-16DF29B0FB53}.Release|Any CPU.ActiveCfg = Release|Any CPU
		{ABE4D73A-A1A7-428B-BBD9-16DF29B0FB53}.Release|Any CPU.Build.0 = Release|Any CPU
		{86B350F4-D28F-4EC3-9CF3-9487D888A88D}.Debug|Any CPU.ActiveCfg = Debug|Any CPU
		{86B350F4-D28F-4EC3-9CF3-9487D888A88D}.Debug|Any CPU.Build.0 = Debug|Any CPU
		{86B350F4-D28F-4EC3-9CF3-9487D888A88D}.Release|Any CPU.ActiveCfg = Release|Any CPU
		{86B350F4-D28F-4EC3-9CF3-9487D888A88D}.Release|Any CPU.Build.0 = Release|Any CPU
		{B07585B1-179D-4BE1-9326-9ACA2DFEA8A5}.Debug|Any CPU.ActiveCfg = Debug|Any CPU
		{B07585B1-179D-4BE1-9326-9ACA2DFEA8A5}.Debug|Any CPU.Build.0 = Debug|Any CPU
		{B07585B1-179D-4BE1-9326-9ACA2DFEA8A5}.Release|Any CPU.ActiveCfg = Release|Any CPU
		{B07585B1-179D-4BE1-9326-9ACA2DFEA8A5}.Release|Any CPU.Build.0 = Release|Any CPU
		{168D2D2B-0D82-4BC7-855C-B1206A769EE6}.Debug|Any CPU.ActiveCfg = Debug|Any CPU
		{168D2D2B-0D82-4BC7-855C-B1206A769EE6}.Debug|Any CPU.Build.0 = Debug|Any CPU
		{168D2D2B-0D82-4BC7-855C-B1206A769EE6}.Release|Any CPU.ActiveCfg = Release|Any CPU
		{168D2D2B-0D82-4BC7-855C-B1206A769EE6}.Release|Any CPU.Build.0 = Release|Any CPU
		{E3448BB8-4B70-43FE-B3DB-EA09A5BAFF13}.Debug|Any CPU.ActiveCfg = Debug|Any CPU
		{E3448BB8-4B70-43FE-B3DB-EA09A5BAFF13}.Debug|Any CPU.Build.0 = Debug|Any CPU
		{E3448BB8-4B70-43FE-B3DB-EA09A5BAFF13}.Release|Any CPU.ActiveCfg = Release|Any CPU
		{E3448BB8-4B70-43FE-B3DB-EA09A5BAFF13}.Release|Any CPU.Build.0 = Release|Any CPU
		{24ABE0BC-5173-4DA0-BF6E-BB537D89E36E}.Debug|Any CPU.ActiveCfg = Debug|Any CPU
		{24ABE0BC-5173-4DA0-BF6E-BB537D89E36E}.Debug|Any CPU.Build.0 = Debug|Any CPU
		{24ABE0BC-5173-4DA0-BF6E-BB537D89E36E}.Release|Any CPU.ActiveCfg = Release|Any CPU
		{24ABE0BC-5173-4DA0-BF6E-BB537D89E36E}.Release|Any CPU.Build.0 = Release|Any CPU
		{17FE0F2C-4AC9-4A28-9A8F-E1AD358E43A7}.Debug|Any CPU.ActiveCfg = Debug|Any CPU
		{17FE0F2C-4AC9-4A28-9A8F-E1AD358E43A7}.Debug|Any CPU.Build.0 = Debug|Any CPU
		{17FE0F2C-4AC9-4A28-9A8F-E1AD358E43A7}.Release|Any CPU.ActiveCfg = Release|Any CPU
		{17FE0F2C-4AC9-4A28-9A8F-E1AD358E43A7}.Release|Any CPU.Build.0 = Release|Any CPU
		{7B2260D6-B849-4731-ABF6-E96BFB59A8DB}.Debug|Any CPU.ActiveCfg = Debug|Any CPU
		{7B2260D6-B849-4731-ABF6-E96BFB59A8DB}.Debug|Any CPU.Build.0 = Debug|Any CPU
		{7B2260D6-B849-4731-ABF6-E96BFB59A8DB}.Release|Any CPU.ActiveCfg = Release|Any CPU
		{7B2260D6-B849-4731-ABF6-E96BFB59A8DB}.Release|Any CPU.Build.0 = Release|Any CPU
		{34F71808-200E-4C7A-BCE7-7F8425A210D4}.Debug|Any CPU.ActiveCfg = Debug|Any CPU
		{34F71808-200E-4C7A-BCE7-7F8425A210D4}.Debug|Any CPU.Build.0 = Debug|Any CPU
		{34F71808-200E-4C7A-BCE7-7F8425A210D4}.Release|Any CPU.ActiveCfg = Release|Any CPU
		{34F71808-200E-4C7A-BCE7-7F8425A210D4}.Release|Any CPU.Build.0 = Release|Any CPU
		{312256AB-E049-4782-95D4-885AB438F84E}.Debug|Any CPU.ActiveCfg = Debug|Any CPU
		{312256AB-E049-4782-95D4-885AB438F84E}.Debug|Any CPU.Build.0 = Debug|Any CPU
		{312256AB-E049-4782-95D4-885AB438F84E}.Release|Any CPU.ActiveCfg = Release|Any CPU
		{312256AB-E049-4782-95D4-885AB438F84E}.Release|Any CPU.Build.0 = Release|Any CPU
		{5279B47B-8E9E-4A66-9DC9-8E4B68964368}.Debug|Any CPU.ActiveCfg = Debug|Any CPU
		{5279B47B-8E9E-4A66-9DC9-8E4B68964368}.Debug|Any CPU.Build.0 = Debug|Any CPU
		{5279B47B-8E9E-4A66-9DC9-8E4B68964368}.Release|Any CPU.ActiveCfg = Release|Any CPU
		{5279B47B-8E9E-4A66-9DC9-8E4B68964368}.Release|Any CPU.Build.0 = Release|Any CPU
		{1AB3CDBA-B3EA-4E9A-A074-557C8F4586A1}.Debug|Any CPU.ActiveCfg = Debug|Any CPU
		{1AB3CDBA-B3EA-4E9A-A074-557C8F4586A1}.Debug|Any CPU.Build.0 = Debug|Any CPU
		{1AB3CDBA-B3EA-4E9A-A074-557C8F4586A1}.Release|Any CPU.ActiveCfg = Release|Any CPU
		{1AB3CDBA-B3EA-4E9A-A074-557C8F4586A1}.Release|Any CPU.Build.0 = Release|Any CPU
		{DCABD295-0DFE-4AD0-88C1-283D62D16FF3}.Debug|Any CPU.ActiveCfg = Debug|Any CPU
		{DCABD295-0DFE-4AD0-88C1-283D62D16FF3}.Debug|Any CPU.Build.0 = Debug|Any CPU
		{DCABD295-0DFE-4AD0-88C1-283D62D16FF3}.Release|Any CPU.ActiveCfg = Release|Any CPU
		{DCABD295-0DFE-4AD0-88C1-283D62D16FF3}.Release|Any CPU.Build.0 = Release|Any CPU
		{F9A1335E-8371-481C-94D8-76FF841C4CBD}.Debug|Any CPU.ActiveCfg = Debug|Any CPU
		{F9A1335E-8371-481C-94D8-76FF841C4CBD}.Debug|Any CPU.Build.0 = Debug|Any CPU
		{F9A1335E-8371-481C-94D8-76FF841C4CBD}.Release|Any CPU.ActiveCfg = Release|Any CPU
		{F9A1335E-8371-481C-94D8-76FF841C4CBD}.Release|Any CPU.Build.0 = Release|Any CPU
		{5283180F-BDDC-42B3-A808-7D77B1E234C5}.Debug|Any CPU.ActiveCfg = Debug|Any CPU
		{5283180F-BDDC-42B3-A808-7D77B1E234C5}.Debug|Any CPU.Build.0 = Debug|Any CPU
		{5283180F-BDDC-42B3-A808-7D77B1E234C5}.Release|Any CPU.ActiveCfg = Release|Any CPU
		{5283180F-BDDC-42B3-A808-7D77B1E234C5}.Release|Any CPU.Build.0 = Release|Any CPU
		{910AC6A1-2170-4467-91B2-895AE45AA76F}.Debug|Any CPU.ActiveCfg = Debug|Any CPU
		{910AC6A1-2170-4467-91B2-895AE45AA76F}.Debug|Any CPU.Build.0 = Debug|Any CPU
		{910AC6A1-2170-4467-91B2-895AE45AA76F}.Release|Any CPU.ActiveCfg = Release|Any CPU
		{910AC6A1-2170-4467-91B2-895AE45AA76F}.Release|Any CPU.Build.0 = Release|Any CPU
		{DDC1EA4F-A364-4D30-A9BE-C52BC025BFA7}.Debug|Any CPU.ActiveCfg = Debug|Any CPU
		{DDC1EA4F-A364-4D30-A9BE-C52BC025BFA7}.Debug|Any CPU.Build.0 = Debug|Any CPU
		{DDC1EA4F-A364-4D30-A9BE-C52BC025BFA7}.Release|Any CPU.ActiveCfg = Release|Any CPU
		{DDC1EA4F-A364-4D30-A9BE-C52BC025BFA7}.Release|Any CPU.Build.0 = Release|Any CPU
		{C90EE712-5B56-4CD9-8217-3460E2D7C58B}.Debug|Any CPU.ActiveCfg = Debug|Any CPU
		{C90EE712-5B56-4CD9-8217-3460E2D7C58B}.Debug|Any CPU.Build.0 = Debug|Any CPU
		{C90EE712-5B56-4CD9-8217-3460E2D7C58B}.Release|Any CPU.ActiveCfg = Release|Any CPU
		{C90EE712-5B56-4CD9-8217-3460E2D7C58B}.Release|Any CPU.Build.0 = Release|Any CPU
		{6A79025B-A8A3-42FB-A4B0-DDE2F89A2D84}.Debug|Any CPU.ActiveCfg = Debug|Any CPU
		{6A79025B-A8A3-42FB-A4B0-DDE2F89A2D84}.Debug|Any CPU.Build.0 = Debug|Any CPU
		{6A79025B-A8A3-42FB-A4B0-DDE2F89A2D84}.Release|Any CPU.ActiveCfg = Release|Any CPU
		{6A79025B-A8A3-42FB-A4B0-DDE2F89A2D84}.Release|Any CPU.Build.0 = Release|Any CPU
		{556F37CF-ADCC-4EF3-A633-0503F11232B4}.Debug|Any CPU.ActiveCfg = Debug|Any CPU
		{556F37CF-ADCC-4EF3-A633-0503F11232B4}.Debug|Any CPU.Build.0 = Debug|Any CPU
		{556F37CF-ADCC-4EF3-A633-0503F11232B4}.Release|Any CPU.ActiveCfg = Release|Any CPU
		{556F37CF-ADCC-4EF3-A633-0503F11232B4}.Release|Any CPU.Build.0 = Release|Any CPU
		{705DDE6B-0631-4700-A9E3-474326F5DA0E}.Debug|Any CPU.ActiveCfg = Debug|Any CPU
		{705DDE6B-0631-4700-A9E3-474326F5DA0E}.Debug|Any CPU.Build.0 = Debug|Any CPU
		{705DDE6B-0631-4700-A9E3-474326F5DA0E}.Release|Any CPU.ActiveCfg = Release|Any CPU
		{705DDE6B-0631-4700-A9E3-474326F5DA0E}.Release|Any CPU.Build.0 = Release|Any CPU
		{A5038D0C-A2CF-44D5-9070-B29AB2015B91}.Debug|Any CPU.ActiveCfg = Debug|Any CPU
		{A5038D0C-A2CF-44D5-9070-B29AB2015B91}.Debug|Any CPU.Build.0 = Debug|Any CPU
		{A5038D0C-A2CF-44D5-9070-B29AB2015B91}.Release|Any CPU.ActiveCfg = Release|Any CPU
		{A5038D0C-A2CF-44D5-9070-B29AB2015B91}.Release|Any CPU.Build.0 = Release|Any CPU
		{7987BDE5-AE44-46EC-9BDB-5DAF20C76BD8}.Debug|Any CPU.ActiveCfg = Debug|Any CPU
		{7987BDE5-AE44-46EC-9BDB-5DAF20C76BD8}.Debug|Any CPU.Build.0 = Debug|Any CPU
		{7987BDE5-AE44-46EC-9BDB-5DAF20C76BD8}.Release|Any CPU.ActiveCfg = Release|Any CPU
		{7987BDE5-AE44-46EC-9BDB-5DAF20C76BD8}.Release|Any CPU.Build.0 = Release|Any CPU
		{B8889030-E750-4AD7-BC26-052E48377417}.Debug|Any CPU.ActiveCfg = Debug|Any CPU
		{B8889030-E750-4AD7-BC26-052E48377417}.Debug|Any CPU.Build.0 = Debug|Any CPU
		{B8889030-E750-4AD7-BC26-052E48377417}.Release|Any CPU.ActiveCfg = Release|Any CPU
		{B8889030-E750-4AD7-BC26-052E48377417}.Release|Any CPU.Build.0 = Release|Any CPU
		{3B07CAD5-0705-4401-A6E3-1A33DD88E2D3}.Debug|Any CPU.ActiveCfg = Debug|Any CPU
		{3B07CAD5-0705-4401-A6E3-1A33DD88E2D3}.Debug|Any CPU.Build.0 = Debug|Any CPU
		{3B07CAD5-0705-4401-A6E3-1A33DD88E2D3}.Release|Any CPU.ActiveCfg = Release|Any CPU
		{3B07CAD5-0705-4401-A6E3-1A33DD88E2D3}.Release|Any CPU.Build.0 = Release|Any CPU
		{AA3D2A42-6659-469F-85E6-594117E47908}.Debug|Any CPU.ActiveCfg = Debug|Any CPU
		{AA3D2A42-6659-469F-85E6-594117E47908}.Debug|Any CPU.Build.0 = Debug|Any CPU
		{AA3D2A42-6659-469F-85E6-594117E47908}.Release|Any CPU.ActiveCfg = Release|Any CPU
		{AA3D2A42-6659-469F-85E6-594117E47908}.Release|Any CPU.Build.0 = Release|Any CPU
		{8DFEEA0C-92DF-49EB-A4C7-94E638D5B85B}.Debug|Any CPU.ActiveCfg = Debug|Any CPU
		{8DFEEA0C-92DF-49EB-A4C7-94E638D5B85B}.Debug|Any CPU.Build.0 = Debug|Any CPU
		{8DFEEA0C-92DF-49EB-A4C7-94E638D5B85B}.Release|Any CPU.ActiveCfg = Release|Any CPU
		{8DFEEA0C-92DF-49EB-A4C7-94E638D5B85B}.Release|Any CPU.Build.0 = Release|Any CPU
		{42911011-AAE1-4D7D-BE2E-70A496DDED01}.Debug|Any CPU.ActiveCfg = Debug|Any CPU
		{42911011-AAE1-4D7D-BE2E-70A496DDED01}.Debug|Any CPU.Build.0 = Debug|Any CPU
		{42911011-AAE1-4D7D-BE2E-70A496DDED01}.Release|Any CPU.ActiveCfg = Release|Any CPU
		{42911011-AAE1-4D7D-BE2E-70A496DDED01}.Release|Any CPU.Build.0 = Release|Any CPU
		{B14CB125-CE58-476A-9F3B-78E37E3246E0}.Debug|Any CPU.ActiveCfg = Debug|Any CPU
		{B14CB125-CE58-476A-9F3B-78E37E3246E0}.Debug|Any CPU.Build.0 = Debug|Any CPU
		{B14CB125-CE58-476A-9F3B-78E37E3246E0}.Release|Any CPU.ActiveCfg = Release|Any CPU
		{B14CB125-CE58-476A-9F3B-78E37E3246E0}.Release|Any CPU.Build.0 = Release|Any CPU
		{1A631B4E-19EB-4D59-94D5-96D0CDEA8B44}.Debug|Any CPU.ActiveCfg = Debug|Any CPU
		{1A631B4E-19EB-4D59-94D5-96D0CDEA8B44}.Debug|Any CPU.Build.0 = Debug|Any CPU
		{1A631B4E-19EB-4D59-94D5-96D0CDEA8B44}.Release|Any CPU.ActiveCfg = Release|Any CPU
		{1A631B4E-19EB-4D59-94D5-96D0CDEA8B44}.Release|Any CPU.Build.0 = Release|Any CPU
		{70AD25F4-7D8A-4B45-9D9B-11AC9DD4B4B1}.Debug|Any CPU.ActiveCfg = Debug|Any CPU
		{70AD25F4-7D8A-4B45-9D9B-11AC9DD4B4B1}.Debug|Any CPU.Build.0 = Debug|Any CPU
		{70AD25F4-7D8A-4B45-9D9B-11AC9DD4B4B1}.Release|Any CPU.ActiveCfg = Release|Any CPU
		{70AD25F4-7D8A-4B45-9D9B-11AC9DD4B4B1}.Release|Any CPU.Build.0 = Release|Any CPU
		{F115D08C-71AC-47AF-ADCA-4EB6064AF794}.Debug|Any CPU.ActiveCfg = Debug|Any CPU
		{F115D08C-71AC-47AF-ADCA-4EB6064AF794}.Debug|Any CPU.Build.0 = Debug|Any CPU
		{F115D08C-71AC-47AF-ADCA-4EB6064AF794}.Release|Any CPU.ActiveCfg = Release|Any CPU
		{F115D08C-71AC-47AF-ADCA-4EB6064AF794}.Release|Any CPU.Build.0 = Release|Any CPU
	EndGlobalSection
	GlobalSection(NestedProjects) = preSolution
		{ABE4D73A-A1A7-428B-BBD9-16DF29B0FB53} = {39F9444C-917B-4DCB-BDE2-535431E768D8}
		{86B350F4-D28F-4EC3-9CF3-9487D888A88D} = {39F9444C-917B-4DCB-BDE2-535431E768D8}
		{B07585B1-179D-4BE1-9326-9ACA2DFEA8A5} = {39F9444C-917B-4DCB-BDE2-535431E768D8}
		{168D2D2B-0D82-4BC7-855C-B1206A769EE6} = {F9322F18-3E5D-4768-B514-88553786C6E2}
		{E3448BB8-4B70-43FE-B3DB-EA09A5BAFF13} = {F9322F18-3E5D-4768-B514-88553786C6E2}
		{24ABE0BC-5173-4DA0-BF6E-BB537D89E36E} = {F9322F18-3E5D-4768-B514-88553786C6E2}
		{17FE0F2C-4AC9-4A28-9A8F-E1AD358E43A7} = {F9322F18-3E5D-4768-B514-88553786C6E2}
		{7B2260D6-B849-4731-ABF6-E96BFB59A8DB} = {95F6B966-CCB7-49E3-BF7A-1BDF84392520}
		{34F71808-200E-4C7A-BCE7-7F8425A210D4} = {95F6B966-CCB7-49E3-BF7A-1BDF84392520}
		{312256AB-E049-4782-95D4-885AB438F84E} = {95F6B966-CCB7-49E3-BF7A-1BDF84392520}
		{5279B47B-8E9E-4A66-9DC9-8E4B68964368} = {95F6B966-CCB7-49E3-BF7A-1BDF84392520}
		{1AB3CDBA-B3EA-4E9A-A074-557C8F4586A1} = {33E7B00B-A1F4-48DC-BE70-CE1845144E86}
		{DCABD295-0DFE-4AD0-88C1-283D62D16FF3} = {33E7B00B-A1F4-48DC-BE70-CE1845144E86}
		{F9A1335E-8371-481C-94D8-76FF841C4CBD} = {33E7B00B-A1F4-48DC-BE70-CE1845144E86}
		{5283180F-BDDC-42B3-A808-7D77B1E234C5} = {33E7B00B-A1F4-48DC-BE70-CE1845144E86}
		{910AC6A1-2170-4467-91B2-895AE45AA76F} = {CD567354-268F-4D30-865E-8BBC660EDB16}
		{DDC1EA4F-A364-4D30-A9BE-C52BC025BFA7} = {CD567354-268F-4D30-865E-8BBC660EDB16}
		{C90EE712-5B56-4CD9-8217-3460E2D7C58B} = {CD567354-268F-4D30-865E-8BBC660EDB16}
		{6A79025B-A8A3-42FB-A4B0-DDE2F89A2D84} = {CD567354-268F-4D30-865E-8BBC660EDB16}
		{556F37CF-ADCC-4EF3-A633-0503F11232B4} = {D13CF71B-A9C2-4572-8FF2-132366290843}
		{705DDE6B-0631-4700-A9E3-474326F5DA0E} = {D13CF71B-A9C2-4572-8FF2-132366290843}
		{A5038D0C-A2CF-44D5-9070-B29AB2015B91} = {D13CF71B-A9C2-4572-8FF2-132366290843}
		{7987BDE5-AE44-46EC-9BDB-5DAF20C76BD8} = {D13CF71B-A9C2-4572-8FF2-132366290843}
		{B8889030-E750-4AD7-BC26-052E48377417} = {F01CD399-4180-450E-B537-4E54DFCD32B6}
		{3B07CAD5-0705-4401-A6E3-1A33DD88E2D3} = {F01CD399-4180-450E-B537-4E54DFCD32B6}
		{AA3D2A42-6659-469F-85E6-594117E47908} = {F01CD399-4180-450E-B537-4E54DFCD32B6}
		{8DFEEA0C-92DF-49EB-A4C7-94E638D5B85B} = {F01CD399-4180-450E-B537-4E54DFCD32B6}
		{42911011-AAE1-4D7D-BE2E-70A496DDED01} = {EF803A80-A4C5-4880-8FDC-D42F20F6C7EA}
		{B14CB125-CE58-476A-9F3B-78E37E3246E0} = {EF803A80-A4C5-4880-8FDC-D42F20F6C7EA}
		{1A631B4E-19EB-4D59-94D5-96D0CDEA8B44} = {EF803A80-A4C5-4880-8FDC-D42F20F6C7EA}
		{70AD25F4-7D8A-4B45-9D9B-11AC9DD4B4B1} = {EF803A80-A4C5-4880-8FDC-D42F20F6C7EA}
	EndGlobalSection
EndGlobal
